
Microsoft Visual Studio Solution File, Format Version 12.00
# Visual Studio Version 17
VisualStudioVersion = 17.9.34701.34
MinimumVisualStudioVersion = 10.0.40219.1
Project("{2150E333-8FDC-42A3-9474-1A3956D46DE8}") = "FrontEnd", "FrontEnd", "{22C73CE2-7650-46AB-9D88-C5A346418327}"
EndProject
Project("{2150E333-8FDC-42A3-9474-1A3956D46DE8}") = "Gateway", "Gateway", "{79DF4908-5EB4-4516-AF9E-A995B9D180BF}"
EndProject
Project("{2150E333-8FDC-42A3-9474-1A3956D46DE8}") = "Integration", "Integration", "{8F563284-5F94-4355-96D2-C09920EB0AB7}"
EndProject
Project("{2150E333-8FDC-42A3-9474-1A3956D46DE8}") = "Services", "Services", "{C9A75861-4EAA-42D0-B12D-504E864958FE}"
EndProject
Project("{9A19103F-16F7-4668-BE54-9A1E7A4F7556}") = "Flavory.Services.CouponAPI", "Flavory.Services.CouponAPI\Flavory.Services.CouponAPI.csproj", "{B430A060-4F6F-4D5B-BAAC-CD1EE6C69B2B}"
EndProject
Project("{9A19103F-16F7-4668-BE54-9A1E7A4F7556}") = "Flavory.Web", "Flavory.Web\Flavory.Web.csproj", "{1097C31D-5E0A-44E7-ABE8-97B99407A2FF}"
EndProject
Project("{9A19103F-16F7-4668-BE54-9A1E7A4F7556}") = "Flavory.Services.AuthAPI", "Flavory.Services.AuthAPI\Flavory.Services.AuthAPI.csproj", "{10D1BF44-BC60-4D8F-8F38-705DBBEF590F}"
EndProject
Project("{9A19103F-16F7-4668-BE54-9A1E7A4F7556}") = "Flavory.Services.ProductAPI", "Flavory.Services.ProductAPI\Flavory.Services.ProductAPI.csproj", "{486B3EA3-E079-4096-AAC1-013CCBEE363E}"
EndProject
Project("{9A19103F-16F7-4668-BE54-9A1E7A4F7556}") = "Flavory.Services.ShoppingCartAPI", "Flavory.Services.ShoppingCartAPI\Flavory.Services.ShoppingCartAPI.csproj", "{EA7AFDA8-9459-4337-A27F-F143102E1B16}"
EndProject
Project("{9A19103F-16F7-4668-BE54-9A1E7A4F7556}") = "Flavory.Services.OrderAPI", "Flavory.Services.OrderAPI\Flavory.Services.OrderAPI.csproj", "{6AB03D2F-31D8-4C08-B227-B0961616B981}"
EndProject
Project("{9A19103F-16F7-4668-BE54-9A1E7A4F7556}") = "Flavory.MessageBus", "Flavory.MessageBus\Flavory.MessageBus.csproj", "{34D04384-C2C9-4429-B799-7BAB9698005C}"
EndProject
Project("{9A19103F-16F7-4668-BE54-9A1E7A4F7556}") = "Flavory.Services.EmailAPI", "Flavory.Services.EmailAPI\Flavory.Services.EmailAPI.csproj", "{08A5F810-DB69-4B80-89BF-11EBEACEA1C4}"
EndProject
Project("{9A19103F-16F7-4668-BE54-9A1E7A4F7556}") = "Flavory.Services.RewardAPI", "Flavory.Services.RewardAPI\Flavory.Services.RewardAPI.csproj", "{A28544AE-7495-4B7C-A5EC-E3F6D17517F8}"
EndProject
Project("{FAE04EC0-301F-11D3-BF4B-00C04F79EFBC}") = "Flavory.GatewaySolution", "Flavory.GatewaySolution\Flavory.GatewaySolution.csproj", "{B65488A7-5BDB-457E-BC3B-44ECC1E6417F}"
EndProject
Global
	GlobalSection(SolutionConfigurationPlatforms) = preSolution
		Debug|Any CPU = Debug|Any CPU
		Release|Any CPU = Release|Any CPU
	EndGlobalSection
	GlobalSection(ProjectConfigurationPlatforms) = postSolution
		{B430A060-4F6F-4D5B-BAAC-CD1EE6C69B2B}.Debug|Any CPU.ActiveCfg = Debug|Any CPU
		{B430A060-4F6F-4D5B-BAAC-CD1EE6C69B2B}.Debug|Any CPU.Build.0 = Debug|Any CPU
		{B430A060-4F6F-4D5B-BAAC-CD1EE6C69B2B}.Release|Any CPU.ActiveCfg = Release|Any CPU
		{B430A060-4F6F-4D5B-BAAC-CD1EE6C69B2B}.Release|Any CPU.Build.0 = Release|Any CPU
		{1097C31D-5E0A-44E7-ABE8-97B99407A2FF}.Debug|Any CPU.ActiveCfg = Debug|Any CPU
		{1097C31D-5E0A-44E7-ABE8-97B99407A2FF}.Debug|Any CPU.Build.0 = Debug|Any CPU
		{1097C31D-5E0A-44E7-ABE8-97B99407A2FF}.Release|Any CPU.ActiveCfg = Release|Any CPU
		{1097C31D-5E0A-44E7-ABE8-97B99407A2FF}.Release|Any CPU.Build.0 = Release|Any CPU
		{10D1BF44-BC60-4D8F-8F38-705DBBEF590F}.Debug|Any CPU.ActiveCfg = Debug|Any CPU
		{10D1BF44-BC60-4D8F-8F38-705DBBEF590F}.Debug|Any CPU.Build.0 = Debug|Any CPU
		{10D1BF44-BC60-4D8F-8F38-705DBBEF590F}.Release|Any CPU.ActiveCfg = Release|Any CPU
		{10D1BF44-BC60-4D8F-8F38-705DBBEF590F}.Release|Any CPU.Build.0 = Release|Any CPU
		{486B3EA3-E079-4096-AAC1-013CCBEE363E}.Debug|Any CPU.ActiveCfg = Debug|Any CPU
		{486B3EA3-E079-4096-AAC1-013CCBEE363E}.Debug|Any CPU.Build.0 = Debug|Any CPU
		{486B3EA3-E079-4096-AAC1-013CCBEE363E}.Release|Any CPU.ActiveCfg = Release|Any CPU
		{486B3EA3-E079-4096-AAC1-013CCBEE363E}.Release|Any CPU.Build.0 = Release|Any CPU
		{EA7AFDA8-9459-4337-A27F-F143102E1B16}.Debug|Any CPU.ActiveCfg = Debug|Any CPU
		{EA7AFDA8-9459-4337-A27F-F143102E1B16}.Debug|Any CPU.Build.0 = Debug|Any CPU
		{EA7AFDA8-9459-4337-A27F-F143102E1B16}.Release|Any CPU.ActiveCfg = Release|Any CPU
		{EA7AFDA8-9459-4337-A27F-F143102E1B16}.Release|Any CPU.Build.0 = Release|Any CPU
		{6AB03D2F-31D8-4C08-B227-B0961616B981}.Debug|Any CPU.ActiveCfg = Debug|Any CPU
		{6AB03D2F-31D8-4C08-B227-B0961616B981}.Debug|Any CPU.Build.0 = Debug|Any CPU
		{6AB03D2F-31D8-4C08-B227-B0961616B981}.Release|Any CPU.ActiveCfg = Release|Any CPU
		{6AB03D2F-31D8-4C08-B227-B0961616B981}.Release|Any CPU.Build.0 = Release|Any CPU
		{34D04384-C2C9-4429-B799-7BAB9698005C}.Debug|Any CPU.ActiveCfg = Debug|Any CPU
		{34D04384-C2C9-4429-B799-7BAB9698005C}.Debug|Any CPU.Build.0 = Debug|Any CPU
		{34D04384-C2C9-4429-B799-7BAB9698005C}.Release|Any CPU.ActiveCfg = Release|Any CPU
		{34D04384-C2C9-4429-B799-7BAB9698005C}.Release|Any CPU.Build.0 = Release|Any CPU
		{08A5F810-DB69-4B80-89BF-11EBEACEA1C4}.Debug|Any CPU.ActiveCfg = Debug|Any CPU
		{08A5F810-DB69-4B80-89BF-11EBEACEA1C4}.Debug|Any CPU.Build.0 = Debug|Any CPU
		{08A5F810-DB69-4B80-89BF-11EBEACEA1C4}.Release|Any CPU.ActiveCfg = Release|Any CPU
		{08A5F810-DB69-4B80-89BF-11EBEACEA1C4}.Release|Any CPU.Build.0 = Release|Any CPU
		{A28544AE-7495-4B7C-A5EC-E3F6D17517F8}.Debug|Any CPU.ActiveCfg = Debug|Any CPU
		{A28544AE-7495-4B7C-A5EC-E3F6D17517F8}.Debug|Any CPU.Build.0 = Debug|Any CPU
		{A28544AE-7495-4B7C-A5EC-E3F6D17517F8}.Release|Any CPU.ActiveCfg = Release|Any CPU
		{A28544AE-7495-4B7C-A5EC-E3F6D17517F8}.Release|Any CPU.Build.0 = Release|Any CPU
		{B65488A7-5BDB-457E-BC3B-44ECC1E6417F}.Debug|Any CPU.ActiveCfg = Debug|Any CPU
		{B65488A7-5BDB-457E-BC3B-44ECC1E6417F}.Debug|Any CPU.Build.0 = Debug|Any CPU
		{B65488A7-5BDB-457E-BC3B-44ECC1E6417F}.Release|Any CPU.ActiveCfg = Release|Any CPU
		{B65488A7-5BDB-457E-BC3B-44ECC1E6417F}.Release|Any CPU.Build.0 = Release|Any CPU
	EndGlobalSection
	GlobalSection(SolutionProperties) = preSolution
		HideSolutionNode = FALSE
	EndGlobalSection
	GlobalSection(NestedProjects) = preSolution
		{B430A060-4F6F-4D5B-BAAC-CD1EE6C69B2B} = {C9A75861-4EAA-42D0-B12D-504E864958FE}
		{1097C31D-5E0A-44E7-ABE8-97B99407A2FF} = {22C73CE2-7650-46AB-9D88-C5A346418327}
		{10D1BF44-BC60-4D8F-8F38-705DBBEF590F} = {C9A75861-4EAA-42D0-B12D-504E864958FE}
		{486B3EA3-E079-4096-AAC1-013CCBEE363E} = {C9A75861-4EAA-42D0-B12D-504E864958FE}
		{EA7AFDA8-9459-4337-A27F-F143102E1B16} = {C9A75861-4EAA-42D0-B12D-504E864958FE}
		{6AB03D2F-31D8-4C08-B227-B0961616B981} = {C9A75861-4EAA-42D0-B12D-504E864958FE}
		{34D04384-C2C9-4429-B799-7BAB9698005C} = {8F563284-5F94-4355-96D2-C09920EB0AB7}
		{08A5F810-DB69-4B80-89BF-11EBEACEA1C4} = {C9A75861-4EAA-42D0-B12D-504E864958FE}
		{A28544AE-7495-4B7C-A5EC-E3F6D17517F8} = {C9A75861-4EAA-42D0-B12D-504E864958FE}
		{B65488A7-5BDB-457E-BC3B-44ECC1E6417F} = {79DF4908-5EB4-4516-AF9E-A995B9D180BF}
	EndGlobalSection
	GlobalSection(ExtensibilityGlobals) = postSolution
		SolutionGuid = {7CDC93D1-34CF-4EFE-92CD-F7D5C57CF8A0}
	EndGlobalSection
EndGlobal
